lockfileVersion: '9.0'

settings:
  autoInstallPeers: true
  excludeLinksFromLockfile: false

catalogs:
  default:
    prettier:
      specifier: ^3.4.2
      version: 3.8.4
    typescript:
      specifier: ^5.7.3
      version: 5.9.3

importers:

  .:
    devDependencies:
      prettier:
        specifier: 'catalog:'
        version: 3.8.4
      typescript:
        specifier: 'catalog:'
        version: 5.9.3

  apps/backend:
    devDependencies:
      '@docpulse/shared-config':
        specifier: workspace:*
        version: link:../../packages/shared-config
      '@docpulse/shared-types':
        specifier: workspace:*
        version: link:../../packages/shared-types
      '@docpulse/shared-utils':
        specifier: workspace:*
        version: link:../../packages/shared-utils
      '@types/node':
        specifier: ^22.10.5
        version: 22.20.0
      typescript:
        specifier: 'catalog:'
        version: 5.9.3

  apps/frontend:
    devDependencies:
      '@docpulse/shared-config':
        specifier: workspace:*
        version: link:../../packages/shared-config
      '@docpulse/shared-types':
        specifier: workspace:*
        version: link:../../packages/shared-types
      '@types/react':
        specifier: ^19.0.2
        version: 19.2.17
      typescript:
        specifier: 'catalog:'
        version: 5.9.3

  apps/worker:
    devDependencies:
      '@docpulse/shared-config':
        specifier: workspace:*
        version: link:../../packages/shared-config
      '@docpulse/shared-types':
        specifier: workspace:*
        version: link:../../packages/shared-types
      '@docpulse/shared-utils':
        specifier: workspace:*
        version: link:../../packages/shared-utils
      '@types/node':
        specifier: ^22.10.5
        version: 22.20.0
      typescript:
        specifier: 'catalog:'
        version: 5.9.3

  packages/shared-config: {}

  packages/shared-types:
    devDependencies:
      '@docpulse/shared-config':
        specifier: workspace:*
        version: link:../shared-config
      typescript:
        specifier: 'catalog:'
        version: 5.9.3

  packages/shared-utils:
    devDependencies:
      '@docpulse/shared-config':
        specifier: workspace:*
        version: link:../shared-config
      '@docpulse/shared-types':
        specifier: workspace:*
        version: link:../shared-types
      typescript:
        specifier: 'catalog:'
        version: 5.9.3

packages:

  '@types/node@22.20.0':
    resolution: {integrity: sha512-QWlFW2wf3nTjC13/DqRnBpR4ZO36VJH/JVBkA/vcnmbTBNQIlnObqyqZE1tUR7+Ni23Lda8R1BxMfbXRpCUx5g==}

  '@types/react@19.2.17':
    resolution: {integrity: sha512-MXfmqaVPEVgkBT/aY0aGCkRWWtByiYQXo3xdQ8r5RzuFrPiRn8Gar2tQdXSUQ2GKV3bkXckek89V8wQBY2Q/Aw==}

  csstype@3.2.3:
    resolution: {integrity: sha512-z1HGKcYy2xA8AGQfwrn0PAy+PB7X/GSj3UVJW9qKyn43xWa+gl5nXmU4qqLMRzWVLFC8KusUX8T/0kCiOYpAIQ==}

  prettier@3.8.4:
    resolution: {integrity: sha512-N2MylSdi48+5N/6S5j+maeHbUSIzzZ5uOcX5Hm4QpV8Dkb1HFjfAKTKX6yNPJQD9AhcT3ifHNB66tWTTJDi11Q==}
    engines: {node: '>=14'}
    hasBin: true

  typescript@5.9.3:
    resolution: {integrity: sha512-jl1vZzPDinLr9eUt3J/t7V6FgNEw9QjvBPdysz9KfQDD41fQrC2Y4vKQdiaUpFT4bXlb1RHhLpp8wtm6M5TgSw==}
    engines: {node: '>=14.17'}
    hasBin: true

  undici-types@6.21.0:
    resolution: {integrity: sha512-iwDZqg0QAGrg9Rav5H4n0M64c3mkR59cJ6wQp+7C4nI0gsmExaedaYLNO44eT4AtBBwjbTiGPMlt2Md0T9H9JQ==}

snapshots:

  '@types/node@22.20.0':
    dependencies:
      undici-types: 6.21.0

  '@types/react@19.2.17':
    dependencies:
      csstype: 3.2.3

  csstype@3.2.3: {}

  prettier@3.8.4: {}

  typescript@5.9.3: {}

  undici-types@6.21.0: {}
